
Microsoft Visual Studio Solution File, Format Version 12.00
# Visual Studio Version 17
VisualStudioVersion = 17.9.34616.47
MinimumVisualStudioVersion = 10.0.40219.1
Project("{FAE04EC0-301F-11D3-BF4B-00C04F79EFBC}") = "CapitalProject.API", "CapitalProject\CapitalProject.API.csproj", "{C6C7EE3A-95D9-4050-BAB6-1B01EDD8DBF5}"
EndProject
Project("{FAE04EC0-301F-11D3-BF4B-00C04F79EFBC}") = "CapitalProject.Core", "CapitalProject.Core\CapitalProject.Core.csproj", "{36036DAF-6893-4BDE-8B05-38A8273F15F9}"
EndProject
Project("{FAE04EC0-301F-11D3-BF4B-00C04F79EFBC}") = "CapitalProject.Data", "CapitalProject.Data\CapitalProject.Data.csproj", "{400014CB-C0F2-47E6-8E40-2A7A261C80D0}"
EndProject
Project("{FAE04EC0-301F-11D3-BF4B-00C04F79EFBC}") = "CapitalProject.Test", "CapitalProject.Test\CapitalProject.Test.csproj", "{5B3119E3-86E4-4910-9835-E6013DA92134}"
EndProject
Global
	GlobalSection(SolutionConfigurationPlatforms) = preSolution
		Debug|Any CPU = Debug|Any CPU
		Release|Any CPU = Release|Any CPU
	EndGlobalSection
	GlobalSection(ProjectConfigurationPlatforms) = postSolution
		{C6C7EE3A-95D9-4050-BAB6-1B01EDD8DBF5}.Debug|Any CPU.ActiveCfg = Debug|Any CPU
		{C6C7EE3A-95D9-4050-BAB6-1B01EDD8DBF5}.Debug|Any CPU.Build.0 = Debug|Any CPU
		{C6C7EE3A-95D9-4050-BAB6-1B01EDD8DBF5}.Release|Any CPU.ActiveCfg = Release|Any CPU
		{C6C7EE3A-95D9-4050-BAB6-1B01EDD8DBF5}.Release|Any CPU.Build.0 = Release|Any CPU
		{36036DAF-6893-4BDE-8B05-38A8273F15F9}.Debug|Any CPU.ActiveCfg = Debug|Any CPU
		{36036DAF-6893-4BDE-8B05-38A8273F15F9}.Debug|Any CPU.Build.0 = Debug|Any CPU
		{36036DAF-6893-4BDE-8B05-38A8273F15F9}.Release|Any CPU.ActiveCfg = Release|Any CPU
		{36036DAF-6893-4BDE-8B05-38A8273F15F9}.Release|Any CPU.Build.0 = Release|Any CPU
		{400014CB-C0F2-47E6-8E40-2A7A261C80D0}.Debug|Any CPU.ActiveCfg = Debug|Any CPU
		{400014CB-C0F2-47E6-8E40-2A7A261C80D0}.Debug|Any CPU.Build.0 = Debug|Any CPU
		{400014CB-C0F2-47E6-8E40-2A7A261C80D0}.Release|Any CPU.ActiveCfg = Release|Any CPU
		{400014CB-C0F2-47E6-8E40-2A7A261C80D0}.Release|Any CPU.Build.0 = Release|Any CPU
		{5B3119E3-86E4-4910-9835-E6013DA92134}.Debug|Any CPU.ActiveCfg = Debug|Any CPU
		{5B3119E3-86E4-4910-9835-E6013DA92134}.Debug|Any CPU.Build.0 = Debug|Any CPU
		{5B3119E3-86E4-4910-9835-E6013DA92134}.Release|Any CPU.ActiveCfg = Release|Any CPU
		{5B3119E3-86E4-4910-9835-E6013DA92134}.Release|Any CPU.Build.0 = Release|Any CPU
	EndGlobalSection
	GlobalSection(SolutionProperties) = preSolution
		HideSolutionNode = FALSE
	EndGlobalSection
	GlobalSection(ExtensibilityGlobals) = postSolution
		SolutionGuid = {2DA57BD8-AF03-4D7A-B0AB-7301D14E7B93}
	EndGlobalSection
EndGlobal
